PODS:
  - FDTake (2.0.0)
  - IIDelayedAction (1.0.1)
  - JGProgressHUD (2.0.3)
  - SwiftLint (0.27.0)

DEPENDENCIES:
  - FDTake (~> 2.0)
  - IIDelayedAction (~> 1.0)
  - JGProgressHUD (~> 2.0)
  - SwiftLint

SPEC REPOS:
  https://github.com/cocoapods/specs.git:
    - FDTake
    - IIDelayedAction
    - JGProgressHUD
    - SwiftLint

SPEC CHECKSUMS:
  FDTake: 21152c660ddf075a859f86af83f9d17dc4b5a539
  IIDelayedAction: bc1193338973d9fbe99c38da71f6d777a12a5a6e
  JGProgressHUD: 12b20a8f4ffe05258f8635c1ab92816e451f904d
  SwiftLint: 3207c1faa2240bf8973b191820a116113cd11073

PODFILE CHECKSUM: 2bd27761409e637f7d4b7b696b44a849fa12b5a9

COCOAPODS: 1.5.3
